PODS:
  - FBAllocationTracker (0.1)
  - FBMemoryProfiler (0.1):
    - FBAllocationTracker (= 0.1)
    - FBRetainCycleDetector (= 0.1)
  - FBRetainCycleDetector (0.1)
  - Reveal-iOS-SDK (1.6.2)
  - SDWebImage (3.7.5):
    - SDWebImage/Core (= 3.7.5)
  - SDWebImage/Core (3.7.5)
  - VZInspector (0.1.2)

DEPENDENCIES:
  - FBMemoryProfiler
  - Reveal-iOS-SDK
  - SDWebImage
  - VZInspector

SPEC CHECKSUMS:
  FBAllocationTracker: fa10488ff161552cf953c8a4955286d841875570
  FBMemoryProfiler: 0bddf51916cff72a0dd27ab41abc81f20ba7ba7b
  FBRetainCycleDetector: 6260cfbc5759167c94f3f0ee5febbf92e13de111
  Reveal-iOS-SDK: e2250b3c155bcfac53ae223ddc1f76d08f206c33
  SDWebImage: 69c6303e3348fba97e03f65d65d4fbc26740f461
  VZInspector: 7558fd5bc307a05c871ce87e925ce22a6df007b4

COCOAPODS: 0.39.0
