// !$*UTF8*$!
{
	archiveVersion = 1;
	classes = {
	};
	objectVersion = 48;
	objects = {

/* Begin PBXBuildFile section */
		451A418F21585D5C00AC33AE /* WeatherViewController.mm in Sources */ = {isa = PBXBuildFile; fileRef = 451A417721585D5C00AC33AE /* WeatherViewController.mm */; };
		451A419021585D5C00AC33AE /* PostListDataSource.mm in Sources */ = {isa = PBXBuildFile; fileRef = 451A417B21585D5C00AC33AE /* PostListDataSource.mm */; };
		451A419121585D5C00AC33AE /* PostListContext.mm in Sources */ = {isa = PBXBuildFile; fileRef = 451A417C21585D5C00AC33AE /* PostListContext.mm */; };
		451A419221585D5C00AC33AE /* PostListViewController.mm in Sources */ = {isa = PBXBuildFile; fileRef = 451A418021585D5C00AC33AE /* PostListViewController.mm */; };
		451A419321585D5C00AC33AE /* PostListDelegate.mm in Sources */ = {isa = PBXBuildFile; fileRef = 451A418121585D5C00AC33AE /* PostListDelegate.mm */; };
		451A419421585D5C00AC33AE /* PostItemStore.mm in Sources */ = {isa = PBXBuildFile; fileRef = 451A418521585D5C00AC33AE /* PostItemStore.mm */; };
		451A419521585D5C00AC33AE /* PostListModel.mm in Sources */ = {isa = PBXBuildFile; fileRef = 451A418621585D5C00AC33AE /* PostListModel.mm */; };
		451A419621585D5C00AC33AE /* PostNode.mm in Sources */ = {isa = PBXBuildFile; fileRef = 451A418721585D5C00AC33AE /* PostNode.mm */; };
		451A419721585D5C00AC33AE /* PostItem.mm in Sources */ = {isa = PBXBuildFile; fileRef = 451A418821585D5C00AC33AE /* PostItem.mm */; };
		451A419821585D5C00AC33AE /* PostListCell.mm in Sources */ = {isa = PBXBuildFile; fileRef = 451A418D21585D5C00AC33AE /* PostListCell.mm */; };
		45380A821F383D3300B963EB /* AppDelegate.mm in Sources */ = {isa = PBXBuildFile; fileRef = 45380A811F383D3300B963EB /* AppDelegate.mm */; };
		45380A881F383D3300B963EB /* Main.storyboard in Resources */ = {isa = PBXBuildFile; fileRef = 45380A861F383D3300B963EB /* Main.storyboard */; };
		45380A8A1F383D3300B963EB /* Assets.xcassets in Resources */ = {isa = PBXBuildFile; fileRef = 45380A891F383D3300B963EB /* Assets.xcassets */; };
		45380A8D1F383D3300B963EB /* LaunchScreen.storyboard in Resources */ = {isa = PBXBuildFile; fileRef = 45380A8B1F383D3300B963EB /* LaunchScreen.storyboard */; };
		45380A901F383D3300B963EB /* main.mm in Sources */ = {isa = PBXBuildFile; fileRef = 45380A8F1F383D3300B963EB /* main.mm */; };
		72B4C47BE1F78DD5125C4FF4 /* libPods-VZFlexlayout-Demo.a in Frameworks */ = {isa = PBXBuildFile; fileRef = 973F562D33C491A3C0ED2E9F /* libPods-VZFlexlayout-Demo.a */; };
/* End PBXBuildFile section */

/* Begin PBXFileReference section */
		451A417721585D5C00AC33AE /* WeatherViewController.mm */ = {isa = PBXFileReference; fileEncoding = 4; lastKnownFileType = sourcecode.cpp.objcpp; path = WeatherViewController.mm; sourceTree = "<group>"; };
		451A417821585D5C00AC33AE /* WeatherViewController.h */ = {isa = PBXFileReference; fileEncoding = 4; lastKnownFileType = sourcecode.c.h; path = WeatherViewController.h; sourceTree = "<group>"; };
		451A417B21585D5C00AC33AE /* PostListDataSource.mm */ = {isa = PBXFileReference; fileEncoding = 4; lastKnownFileType = sourcecode.cpp.objcpp; path = PostListDataSource.mm; sourceTree = "<group>"; };
		451A417C21585D5C00AC33AE /* PostListContext.mm */ = {isa = PBXFileReference; fileEncoding = 4; lastKnownFileType = sourcecode.cpp.objcpp; path = PostListContext.mm; sourceTree = "<group>"; };
		451A417D21585D5C00AC33AE /* PostListDelegate.h */ = {isa = PBXFileReference; fileEncoding = 4; lastKnownFileType = sourcecode.c.h; path = PostListDelegate.h; sourceTree = "<group>"; };
		451A417E21585D5C00AC33AE /* PostListViewController.h */ = {isa = PBXFileReference; fileEncoding = 4; lastKnownFileType = sourcecode.c.h; path = PostListViewController.h; sourceTree = "<group>"; };
		451A417F21585D5C00AC33AE /* PostListDataSource.h */ = {isa = PBXFileReference; fileEncoding = 4; lastKnownFileType = sourcecode.c.h; path = PostListDataSource.h; sourceTree = "<group>"; };
		451A418021585D5C00AC33AE /* PostListViewController.mm */ = {isa = PBXFileReference; fileEncoding = 4; lastKnownFileType = sourcecode.cpp.objcpp; path = PostListViewController.mm; sourceTree = "<group>"; };
		451A418121585D5C00AC33AE /* PostListDelegate.mm */ = {isa = PBXFileReference; fileEncoding = 4; lastKnownFileType = sourcecode.cpp.objcpp; path = PostListDelegate.mm; sourceTree = "<group>"; };
		451A418221585D5C00AC33AE /* PostListContext.h */ = {isa = PBXFileReference; fileEncoding = 4; lastKnownFileType = sourcecode.c.h; path = PostListContext.h; sourceTree = "<group>"; };
		451A418421585D5C00AC33AE /* PostListModel.h */ = {isa = PBXFileReference; fileEncoding = 4; lastKnownFileType = sourcecode.c.h; path = PostListModel.h; sourceTree = "<group>"; };
		451A418521585D5C00AC33AE /* PostItemStore.mm */ = {isa = PBXFileReference; fileEncoding = 4; lastKnownFileType = sourcecode.cpp.objcpp; path = PostItemStore.mm; sourceTree = "<group>"; };
		451A418621585D5C00AC33AE /* PostListModel.mm */ = {isa = PBXFileReference; fileEncoding = 4; lastKnownFileType = sourcecode.cpp.objcpp; path = PostListModel.mm; sourceTree = "<group>"; };
		451A418721585D5C00AC33AE /* PostNode.mm */ = {isa = PBXFileReference; fileEncoding = 4; lastKnownFileType = sourcecode.cpp.objcpp; path = PostNode.mm; sourceTree = "<group>"; };
		451A418821585D5C00AC33AE /* PostItem.mm */ = {isa = PBXFileReference; fileEncoding = 4; lastKnownFileType = sourcecode.cpp.objcpp; path = PostItem.mm; sourceTree = "<group>"; };
		451A418921585D5C00AC33AE /* PostItem.h */ = {isa = PBXFileReference; fileEncoding = 4; lastKnownFileType = sourcecode.c.h; path = PostItem.h; sourceTree = "<group>"; };
		451A418A21585D5C00AC33AE /* PostNode.h */ = {isa = PBXFileReference; fileEncoding = 4; lastKnownFileType = sourcecode.c.h; path = PostNode.h; sourceTree = "<group>"; };
		451A418B21585D5C00AC33AE /* PostItemStore.h */ = {isa = PBXFileReference; fileEncoding = 4; lastKnownFileType = sourcecode.c.h; path = PostItemStore.h; sourceTree = "<group>"; };
		451A418D21585D5C00AC33AE /* PostListCell.mm */ = {isa = PBXFileReference; fileEncoding = 4; lastKnownFileType = sourcecode.cpp.objcpp; path = PostListCell.mm; sourceTree = "<group>"; };
		451A418E21585D5C00AC33AE /* PostListCell.h */ = {isa = PBXFileReference; fileEncoding = 4; lastKnownFileType = sourcecode.c.h; path = PostListCell.h; sourceTree = "<group>"; };
		45380A7D1F383D3300B963EB /* VZFlexlayout-Demo.app */ = {isa = PBXFileReference; explicitFileType = wrapper.application; includeInIndex = 0; path = "VZFlexlayout-Demo.app"; sourceTree = BUILT_PRODUCTS_DIR; };
		45380A801F383D3300B963EB /* AppDelegate.h */ = {isa = PBXFileReference; lastKnownFileType = sourcecode.c.h; path = AppDelegate.h; sourceTree = "<group>"; };
		45380A811F383D3300B963EB /* AppDelegate.mm */ = {isa = PBXFileReference; lastKnownFileType = sourcecode.cpp.objcpp; path = AppDelegate.mm; sourceTree = "<group>"; };
		45380A871F383D3300B963EB /* Base */ = {isa = PBXFileReference; lastKnownFileType = file.storyboard; name = Base; path = Base.lproj/Main.storyboard; sourceTree = "<group>"; };
		45380A891F383D3300B963EB /* Assets.xcassets */ = {isa = PBXFileReference; lastKnownFileType = folder.assetcatalog; path = Assets.xcassets; sourceTree = "<group>"; };
		45380A8C1F383D3300B963EB /* Base */ = {isa = PBXFileReference; lastKnownFileType = file.storyboard; name = Base; path = Base.lproj/LaunchScreen.storyboard; sourceTree = "<group>"; };
		45380A8E1F383D3300B963EB /* Info.plist */ = {isa = PBXFileReference; lastKnownFileType = text.plist.xml; path = Info.plist; sourceTree = "<group>"; };
		45380A8F1F383D3300B963EB /* main.mm */ = {isa = PBXFileReference; lastKnownFileType = sourcecode.cpp.objcpp; path = main.mm; sourceTree = "<group>"; };
		459144522150BBF700F97846 /* PrefixHeader.pch */ = {isa = PBXFileReference; fileEncoding = 4; lastKnownFileType = sourcecode.c.h; path = PrefixHeader.pch; sourceTree = SOURCE_ROOT; };
		480487DB77BABF43C51C1789 /* Pods-VZFlexlayout-Demo.debug.xcconfig */ = {isa = PBXFileReference; includeInIndex = 1; lastKnownFileType = text.xcconfig; name = "Pods-VZFlexlayout-Demo.debug.xcconfig"; path = "Pods/Target Support Files/Pods-VZFlexlayout-Demo/Pods-VZFlexlayout-Demo.debug.xcconfig"; sourceTree = "<group>"; };
		935EE8CDF4611D03A0C85CE5 /* Pods-VZFlexlayout-Demo.release.xcconfig */ = {isa = PBXFileReference; includeInIndex = 1; lastKnownFileType = text.xcconfig; name = "Pods-VZFlexlayout-Demo.release.xcconfig"; path = "Pods/Target Support Files/Pods-VZFlexlayout-Demo/Pods-VZFlexlayout-Demo.release.xcconfig"; sourceTree = "<group>"; };
		973F562D33C491A3C0ED2E9F /* libPods-VZFlexlayout-Demo.a */ = {isa = PBXFileReference; explicitFileType = archive.ar; includeInIndex = 0; path = "libPods-VZFlexlayout-Demo.a"; sourceTree = BUILT_PRODUCTS_DIR; };
/* End PBXFileReference section */

/* Begin PBXFrameworksBuildPhase section */
		45380A7A1F383D3300B963EB /* Frameworks */ = {
			isa = PBXFrameworksBuildPhase;
			buildActionMask = 2147483647;
			files = (
				72B4C47BE1F78DD5125C4FF4 /* libPods-VZFlexlayout-Demo.a in Frameworks */,
			);
			runOnlyForDeploymentPostprocessing = 0;
		};
/* End PBXFrameworksBuildPhase section */

/* Begin PBXGroup section */
		0B11E39FEB5FA21A7B4661B2 /* Pods */ = {
			isa = PBXGroup;
			children = (
				480487DB77BABF43C51C1789 /* Pods-VZFlexlayout-Demo.debug.xcconfig */,
				935EE8CDF4611D03A0C85CE5 /* Pods-VZFlexlayout-Demo.release.xcconfig */,
			);
			name = Pods;
			sourceTree = "<group>";
		};
		44E964D9663F4F9A74269E1E /* Frameworks */ = {
			isa = PBXGroup;
			children = (
				973F562D33C491A3C0ED2E9F /* libPods-VZFlexlayout-Demo.a */,
			);
			name = Frameworks;
			sourceTree = "<group>";
		};
		451A417621585D5C00AC33AE /* HostView */ = {
			isa = PBXGroup;
			children = (
				451A417721585D5C00AC33AE /* WeatherViewController.mm */,
				451A417821585D5C00AC33AE /* WeatherViewController.h */,
			);
			path = HostView;
			sourceTree = "<group>";
		};
		451A417921585D5C00AC33AE /* ListView */ = {
			isa = PBXGroup;
			children = (
				451A417A21585D5C00AC33AE /* controller */,
				451A418321585D5C00AC33AE /* model */,
				451A418C21585D5C00AC33AE /* view */,
			);
			path = ListView;
			sourceTree = "<group>";
		};
		451A417A21585D5C00AC33AE /* controller */ = {
			isa = PBXGroup;
			children = (
				451A417F21585D5C00AC33AE /* PostListDataSource.h */,
				451A417B21585D5C00AC33AE /* PostListDataSource.mm */,
				451A418221585D5C00AC33AE /* PostListContext.h */,
				451A417C21585D5C00AC33AE /* PostListContext.mm */,
				451A417D21585D5C00AC33AE /* PostListDelegate.h */,
				451A418121585D5C00AC33AE /* PostListDelegate.mm */,
				451A417E21585D5C00AC33AE /* PostListViewController.h */,
				451A418021585D5C00AC33AE /* PostListViewController.mm */,
			);
			path = controller;
			sourceTree = "<group>";
		};
		451A418321585D5C00AC33AE /* model */ = {
			isa = PBXGroup;
			children = (
				451A418421585D5C00AC33AE /* PostListModel.h */,
				451A418521585D5C00AC33AE /* PostItemStore.mm */,
				451A418621585D5C00AC33AE /* PostListModel.mm */,
				451A418721585D5C00AC33AE /* PostNode.mm */,
				451A418821585D5C00AC33AE /* PostItem.mm */,
				451A418921585D5C00AC33AE /* PostItem.h */,
				451A418A21585D5C00AC33AE /* PostNode.h */,
				451A418B21585D5C00AC33AE /* PostItemStore.h */,
			);
			path = model;
			sourceTree = "<group>";
		};
		451A418C21585D5C00AC33AE /* view */ = {
			isa = PBXGroup;
			children = (
				451A418D21585D5C00AC33AE /* PostListCell.mm */,
				451A418E21585D5C00AC33AE /* PostListCell.h */,
			);
			path = view;
			sourceTree = "<group>";
		};
		45380A741F383D3300B963EB = {
			isa = PBXGroup;
			children = (
				45380A7F1F383D3300B963EB /* VZFlexlayout-Demo */,
				45380A7E1F383D3300B963EB /* Products */,
				0B11E39FEB5FA21A7B4661B2 /* Pods */,
				44E964D9663F4F9A74269E1E /* Frameworks */,
			);
			sourceTree = "<group>";
		};
		45380A7E1F383D3300B963EB /* Products */ = {
			isa = PBXGroup;
			children = (
				45380A7D1F383D3300B963EB /* VZFlexlayout-Demo.app */,
			);
			name = Products;
			sourceTree = "<group>";
		};
		45380A7F1F383D3300B963EB /* VZFlexlayout-Demo */ = {
			isa = PBXGroup;
			children = (
				451A417621585D5C00AC33AE /* HostView */,
				451A417921585D5C00AC33AE /* ListView */,
				459144522150BBF700F97846 /* PrefixHeader.pch */,
				45380A801F383D3300B963EB /* AppDelegate.h */,
				45380A811F383D3300B963EB /* AppDelegate.mm */,
				45380A861F383D3300B963EB /* Main.storyboard */,
				45380A891F383D3300B963EB /* Assets.xcassets */,
				45380A8B1F383D3300B963EB /* LaunchScreen.storyboard */,
				45380A8E1F383D3300B963EB /* Info.plist */,
				45380A8F1F383D3300B963EB /* main.mm */,
			);
			path = "VZFlexlayout-Demo";
			sourceTree = "<group>";
		};
/* End PBXGroup section */

/* Begin PBXNativeTarget section */
		45380A7C1F383D3300B963EB /* VZFlexlayout-Demo */ = {
			isa = PBXNativeTarget;
			buildConfigurationList = 45380A931F383D3300B963EB /* Build configuration list for PBXNativeTarget "VZFlexlayout-Demo" */;
			buildPhases = (
				398C538A2F576A790A31EE7F /* [CP] Check Pods Manifest.lock */,
				45380A791F383D3300B963EB /* Sources */,
				45380A7A1F383D3300B963EB /* Frameworks */,
				45380A7B1F383D3300B963EB /* Resources */,
			);
			buildRules = (
			);
			dependencies = (
			);
			name = "VZFlexlayout-Demo";
			productName = "VZFlexlayout-Demo";
			productReference = 45380A7D1F383D3300B963EB /* VZFlexlayout-Demo.app */;
			productType = "com.apple.product-type.application";
		};
/* End PBXNativeTarget section */

/* Begin PBXProject section */
		45380A751F383D3300B963EB /* Project object */ = {
			isa = PBXProject;
			attributes = {
				LastUpgradeCheck = 0900;
				ORGANIZATIONNAME = Vizlab;
				TargetAttributes = {
					45380A7C1F383D3300B963EB = {
						CreatedOnToolsVersion = 9.0;
					};
				};
			};
			buildConfigurationList = 45380A781F383D3300B963EB /* Build configuration list for PBXProject "VZFlexlayout-Demo" */;
			compatibilityVersion = "Xcode 8.0";
			developmentRegion = en;
			hasScannedForEncodings = 0;
			knownRegions = (
				en,
				Base,
			);
			mainGroup = 45380A741F383D3300B963EB;
			productRefGroup = 45380A7E1F383D3300B963EB /* Products */;
			projectDirPath = "";
			projectRoot = "";
			targets = (
				45380A7C1F383D3300B963EB /* VZFlexlayout-Demo */,
			);
		};
/* End PBXProject section */

/* Begin PBXResourcesBuildPhase section */
		45380A7B1F383D3300B963EB /* Resources */ = {
			isa = PBXResourcesBuildPhase;
			buildActionMask = 2147483647;
			files = (
				45380A8D1F383D3300B963EB /* LaunchScreen.storyboard in Resources */,
				45380A8A1F383D3300B963EB /* Assets.xcassets in Resources */,
				45380A881F383D3300B963EB /* Main.storyboard in Resources */,
			);
			runOnlyForDeploymentPostprocessing = 0;
		};
/* End PBXResourcesBuildPhase section */

/* Begin PBXShellScriptBuildPhase section */
		398C538A2F576A790A31EE7F /* [CP] Check Pods Manifest.lock */ = {
			isa = PBXShellScriptBuildPhase;
			buildActionMask = 2147483647;
			files = (
			);
			inputPaths = (
				"${PODS_PODFILE_DIR_PATH}/Podfile.lock",
				"${PODS_ROOT}/Manifest.lock",
			);
			name = "[CP] Check Pods Manifest.lock";
			outputPaths = (
				"$(DERIVED_FILE_DIR)/Pods-VZFlexlayout-Demo-checkManifestLockResult.txt",
			);
			runOnlyForDeploymentPostprocessing = 0;
			shellPath = /bin/sh;
			shellScript = "diff \"${PODS_PODFILE_DIR_PATH}/Podfile.lock\" \"${PODS_ROOT}/Manifest.lock\" > /dev/null\nif [ $? != 0 ] ; then\n    # print error to STDERR\n    echo \"error: The sandbox is not in sync with the Podfile.lock. Run 'pod install' or update your CocoaPods installation.\" >&2\n    exit 1\nfi\n# This output is used by Xcode 'outputs' to avoid re-running this script phase.\necho \"SUCCESS\" > \"${SCRIPT_OUTPUT_FILE_0}\"\n";
			showEnvVarsInLog = 0;
		};
/* End PBXShellScriptBuildPhase section */

/* Begin PBXSourcesBuildPhase section */
		45380A791F383D3300B963EB /* Sources */ = {
			isa = PBXSourcesBuildPhase;
			buildActionMask = 2147483647;
			files = (
				451A419321585D5C00AC33AE /* PostListDelegate.mm in Sources */,
				451A419221585D5C00AC33AE /* PostListViewController.mm in Sources */,
				451A419421585D5C00AC33AE /* PostItemStore.mm in Sources */,
				451A419121585D5C00AC33AE /* PostListContext.mm in Sources */,
				451A419521585D5C00AC33AE /* PostListModel.mm in Sources */,
				451A419821585D5C00AC33AE /* PostListCell.mm in Sources */,
				451A418F21585D5C00AC33AE /* WeatherViewController.mm in Sources */,
				451A419721585D5C00AC33AE /* PostItem.mm in Sources */,
				45380A901F383D3300B963EB /* main.mm in Sources */,
				451A419021585D5C00AC33AE /* PostListDataSource.mm in Sources */,
				45380A821F383D3300B963EB /* AppDelegate.mm in Sources */,
				451A419621585D5C00AC33AE /* PostNode.mm in Sources */,
			);
			runOnlyForDeploymentPostprocessing = 0;
		};
/* End PBXSourcesBuildPhase section */

/* Begin PBXVariantGroup section */
		45380A861F383D3300B963EB /* Main.storyboard */ = {
			isa = PBXVariantGroup;
			children = (
				45380A871F383D3300B963EB /* Base */,
			);
			name = Main.storyboard;
			sourceTree = "<group>";
		};
		45380A8B1F383D3300B963EB /* LaunchScreen.storyboard */ = {
			isa = PBXVariantGroup;
			children = (
				45380A8C1F383D3300B963EB /* Base */,
			);
			name = LaunchScreen.storyboard;
			sourceTree = "<group>";
		};
/* End PBXVariantGroup section */

/* Begin XCBuildConfiguration section */
		45380A911F383D3300B963EB /* Debug */ = {
			isa = XCBuildConfiguration;
			buildSettings = {
				ALWAYS_SEARCH_USER_PATHS = NO;
				CLANG_ANALYZER_NONNULL = YES;
				CLANG_ANALYZER_NUMBER_OBJECT_CONVERSION = YES_AGGRESSIVE;
				CLANG_CXX_LANGUAGE_STANDARD = "gnu++14";
				CLANG_CXX_LIBRARY = "libc++";
				CLANG_ENABLE_MODULES = YES;
				CLANG_ENABLE_OBJC_ARC = YES;
				CLANG_WARN_BLOCK_CAPTURE_AUTORELEASING = YES;
				CLANG_WARN_BOOL_CONVERSION = YES;
				CLANG_WARN_COMMA = YES;
				CLANG_WARN_CONSTANT_CONVERSION = YES;
				CLANG_WARN_DIRECT_OBJC_ISA_USAGE = YES_ERROR;
				CLANG_WARN_DOCUMENTATION_COMMENTS = YES;
				CLANG_WARN_EMPTY_BODY = YES;
				CLANG_WARN_ENUM_CONVERSION = YES;
				CLANG_WARN_INFINITE_RECURSION = YES;
				CLANG_WARN_INT_CONVERSION = YES;
				CLANG_WARN_OBJC_ROOT_CLASS = YES_ERROR;
				CLANG_WARN_RANGE_LOOP_ANALYSIS = YES;
				CLANG_WARN_STRICT_PROTOTYPES = YES;
				CLANG_WARN_SUSPICIOUS_MOVE = YES;
				CLANG_WARN_UNGUARDED_AVAILABILITY = YES_AGGRESSIVE;
				CLANG_WARN_UNREACHABLE_CODE = YES;
				CLANG_WARN__DUPLICATE_METHOD_MATCH = YES;
				CODE_SIGN_IDENTITY = "iPhone Developer";
				COPY_PHASE_STRIP = NO;
				DEBUG_INFORMATION_FORMAT = dwarf;
				ENABLE_STRICT_OBJC_MSGSEND = YES;
				ENABLE_TESTABILITY = YES;
				GCC_C_LANGUAGE_STANDARD = gnu11;
				GCC_DYNAMIC_NO_PIC = NO;
				GCC_NO_COMMON_BLOCKS = YES;
				GCC_OPTIMIZATION_LEVEL = 0;
				GCC_PREPROCESSOR_DEFINITIONS = (
					"DEBUG=1",
					"$(inherited)",
				);
				GCC_WARN_64_TO_32_BIT_CONVERSION = YES;
				GCC_WARN_ABOUT_RETURN_TYPE = YES_ERROR;
				GCC_WARN_UNDECLARED_SELECTOR = YES;
				GCC_WARN_UNINITIALIZED_AUTOS = YES_AGGRESSIVE;
				GCC_WARN_UNUSED_FUNCTION = YES;
				GCC_WARN_UNUSED_VARIABLE = YES;
				IPHONEOS_DEPLOYMENT_TARGET = 11.0;
				MTL_ENABLE_DEBUG_INFO = YES;
				ONLY_ACTIVE_ARCH = YES;
				SDKROOT = iphoneos;
			};
			name = Debug;
		};
		45380A921F383D3300B963EB /* Release */ = {
			isa = XCBuildConfiguration;
			buildSettings = {
				ALWAYS_SEARCH_USER_PATHS = NO;
				CLANG_ANALYZER_NONNULL = YES;
				CLANG_ANALYZER_NUMBER_OBJECT_CONVERSION = YES_AGGRESSIVE;
				CLANG_CXX_LANGUAGE_STANDARD = "gnu++14";
				CLANG_CXX_LIBRARY = "libc++";
				CLANG_ENABLE_MODULES = YES;
				CLANG_ENABLE_OBJC_ARC = YES;
				CLANG_WARN_BLOCK_CAPTURE_AUTORELEASING = YES;
				CLANG_WARN_BOOL_CONVERSION = YES;
				CLANG_WARN_COMMA = YES;
				CLANG_WARN_CONSTANT_CONVERSION = YES;
				CLANG_WARN_DIRECT_OBJC_ISA_USAGE = YES_ERROR;
				CLANG_WARN_DOCUMENTATION_COMMENTS = YES;
				CLANG_WARN_EMPTY_BODY = YES;
				CLANG_WARN_ENUM_CONVERSION = YES;
				CLANG_WARN_INFINITE_RECURSION = YES;
				CLANG_WARN_INT_CONVERSION = YES;
				CLANG_WARN_OBJC_ROOT_CLASS = YES_ERROR;
				CLANG_WARN_RANGE_LOOP_ANALYSIS = YES;
				CLANG_WARN_STRICT_PROTOTYPES = YES;
				CLANG_WARN_SUSPICIOUS_MOVE = YES;
				CLANG_WARN_UNGUARDED_AVAILABILITY = YES_AGGRESSIVE;
				CLANG_WARN_UNREACHABLE_CODE = YES;
				CLANG_WARN__DUPLICATE_METHOD_MATCH = YES;
				CODE_SIGN_IDENTITY = "iPhone Developer";
				COPY_PHASE_STRIP = NO;
				DEBUG_INFORMATION_FORMAT = "dwarf-with-dsym";
				ENABLE_NS_ASSERTIONS = NO;
				ENABLE_STRICT_OBJC_MSGSEND = YES;
				GCC_C_LANGUAGE_STANDARD = gnu11;
				GCC_NO_COMMON_BLOCKS = YES;
				GCC_WARN_64_TO_32_BIT_CONVERSION = YES;
				GCC_WARN_ABOUT_RETURN_TYPE = YES_ERROR;
				GCC_WARN_UNDECLARED_SELECTOR = YES;
				GCC_WARN_UNINITIALIZED_AUTOS = YES_AGGRESSIVE;
				GCC_WARN_UNUSED_FUNCTION = YES;
				GCC_WARN_UNUSED_VARIABLE = YES;
				IPHONEOS_DEPLOYMENT_TARGET = 11.0;
				MTL_ENABLE_DEBUG_INFO = NO;
				SDKROOT = iphoneos;
				VALIDATE_PRODUCT = YES;
			};
			name = Release;
		};
		45380A941F383D3300B963EB /* Debug */ = {
			isa = XCBuildConfiguration;
			baseConfigurationReference = 480487DB77BABF43C51C1789 /* Pods-VZFlexlayout-Demo.debug.xcconfig */;
			buildSettings = {
				ASSETCATALOG_COMPILER_APPICON_NAME = AppIcon;
				DEVELOPMENT_TEAM = GW8XWHWQR7;
				GCC_PRECOMPILE_PREFIX_HEADER = YES;
				GCC_PREFIX_HEADER = PrefixHeader.pch;
				INFOPLIST_FILE = "VZFlexlayout-Demo/Info.plist";
				LD_RUNPATH_SEARCH_PATHS = "$(inherited) @executable_path/Frameworks";
				PRODUCT_BUNDLE_IDENTIFIER = "com.vizlab.VZFlexlayout-Demo";
				PRODUCT_NAME = "$(TARGET_NAME)";
				TARGETED_DEVICE_FAMILY = "1,2";
			};
			name = Debug;
		};
		45380A951F383D3300B963EB /* Release */ = {
			isa = XCBuildConfiguration;
			baseConfigurationReference = 935EE8CDF4611D03A0C85CE5 /* Pods-VZFlexlayout-Demo.release.xcconfig */;
			buildSettings = {
				ASSETCATALOG_COMPILER_APPICON_NAME = AppIcon;
				DEVELOPMENT_TEAM = GW8XWHWQR7;
				GCC_PRECOMPILE_PREFIX_HEADER = YES;
				GCC_PREFIX_HEADER = PrefixHeader.pch;
				INFOPLIST_FILE = "VZFlexlayout-Demo/Info.plist";
				LD_RUNPATH_SEARCH_PATHS = "$(inherited) @executable_path/Frameworks";
				PRODUCT_BUNDLE_IDENTIFIER = "com.vizlab.VZFlexlayout-Demo";
				PRODUCT_NAME = "$(TARGET_NAME)";
				TARGETED_DEVICE_FAMILY = "1,2";
			};
			name = Release;
		};
/* End XCBuildConfiguration section */

/* Begin XCConfigurationList section */
		45380A781F383D3300B963EB /* Build configuration list for PBXProject "VZFlexlayout-Demo" */ = {
			isa = XCConfigurationList;
			buildConfigurations = (
				45380A911F383D3300B963EB /* Debug */,
				45380A921F383D3300B963EB /* Release */,
			);
			defaultConfigurationIsVisible = 0;
			defaultConfigurationName = Release;
		};
		45380A931F383D3300B963EB /* Build configuration list for PBXNativeTarget "VZFlexlayout-Demo" */ = {
			isa = XCConfigurationList;
			buildConfigurations = (
				45380A941F383D3300B963EB /* Debug */,
				45380A951F383D3300B963EB /* Release */,
			);
			defaultConfigurationIsVisible = 0;
			defaultConfigurationName = Release;
		};
/* End XCConfigurationList section */
	};
	rootObject = 45380A751F383D3300B963EB /* Project object */;
}
