PODS:
  - Reveal-iOS-SDK (1.6.2)
  - SDWebImage (3.8.2):
    - SDWebImage/Core (= 3.8.2)
  - SDWebImage/Core (3.8.2)
  - VZFlexLayout (0.1.1)

DEPENDENCIES:
  - Reveal-iOS-SDK
  - SDWebImage (= 3.8.2)
  - VZFlexLayout (from `../`)

EXTERNAL SOURCES:
  VZFlexLayout:
    :path: "../"

SPEC CHECKSUMS:
  Reveal-iOS-SDK: e2250b3c155bcfac53ae223ddc1f76d08f206c33
  SDWebImage: 098e97e6176540799c27e804c96653ee0833d13c
  VZFlexLayout: bf84dfca07713b08fd78b385e2269d6c0d7cd983

PODFILE CHECKSUM: 855eef3e2c4bbf08633b49bcb97bbd1cc0925888

COCOAPODS: 1.1.1
