PODS:
  - Reveal-iOS-SDK (1.6.2)
  - SDWebImage (4.0.0):
    - SDWebImage/Core (= 4.0.0)
  - SDWebImage/Core (4.0.0)

DEPENDENCIES:
  - Reveal-iOS-SDK
  - SDWebImage

SPEC CHECKSUMS:
  Reveal-iOS-SDK: e2250b3c155bcfac53ae223ddc1f76d08f206c33
  SDWebImage: 76a6348bdc74eb5a55dd08a091ef298e56b55e41

PODFILE CHECKSUM: a708486b2066877c76189d570591c22c58d0154e

COCOAPODS: 1.1.1
